
Microsoft Visual Studio Solution File, Format Version 12.00
# Visual Studio Version 17
VisualStudioVersion = 17.13.35806.99 d17.13
MinimumVisualStudioVersion = 10.0.40219.1
Project("{FAE04EC0-301F-11D3-BF4B-00C04F79EFBC}") = "RH.API", "RH.API.csproj", "{510D8E0F-B03C-AF13-1797-4FC4E24D73EC}"
EndProject
Global
	GlobalSection(SolutionConfigurationPlatforms) = preSolution
		Debug|Any CPU = Debug|Any CPU
		Release|Any CPU = Release|Any CPU
	EndGlobalSection
	GlobalSection(ProjectConfigurationPlatforms) = postSolution
		{510D8E0F-B03C-AF13-1797-4FC4E24D73EC}.Debug|Any CPU.ActiveCfg = Debug|Any CPU
		{510D8E0F-B03C-AF13-1797-4FC4E24D73EC}.Debug|Any CPU.Build.0 = Debug|Any CPU
		{510D8E0F-B03C-AF13-1797-4FC4E24D73EC}.Release|Any CPU.ActiveCfg = Release|Any CPU
		{510D8E0F-B03C-AF13-1797-4FC4E24D73EC}.Release|Any CPU.Build.0 = Release|Any CPU
	EndGlobalSection
	GlobalSection(SolutionProperties) = preSolution
		HideSolutionNode = FALSE
	EndGlobalSection
	GlobalSection(ExtensibilityGlobals) = postSolution
		SolutionGuid = {7A3B0DF7-D7D0-4CEB-923A-022AD5BE04EF}
	EndGlobalSection
EndGlobal
