
Microsoft Visual Studio Solution File, Format Version 12.00
# Visual Studio Version 17
VisualStudioVersion = 17.11.35219.272
MinimumVisualStudioVersion = 10.0.40219.1
Project("{FAE04EC0-301F-11D3-BF4B-00C04F79EFBC}") = "RH.API", "RH.API\RH.API.csproj", "{06F4FEEC-7466-4991-A7BB-910A3DAF26CC}"
EndProject
Global
	GlobalSection(SolutionConfigurationPlatforms) = preSolution
		Debug|Any CPU = Debug|Any CPU
		Release|Any CPU = Release|Any CPU
	EndGlobalSection
	GlobalSection(ProjectConfigurationPlatforms) = postSolution
		{06F4FEEC-7466-4991-A7BB-910A3DAF26CC}.Debug|Any CPU.ActiveCfg = Debug|Any CPU
		{06F4FEEC-7466-4991-A7BB-910A3DAF26CC}.Debug|Any CPU.Build.0 = Debug|Any CPU
		{06F4FEEC-7466-4991-A7BB-910A3DAF26CC}.Release|Any CPU.ActiveCfg = Release|Any CPU
		{06F4FEEC-7466-4991-A7BB-910A3DAF26CC}.Release|Any CPU.Build.0 = Release|Any CPU
	EndGlobalSection
	GlobalSection(SolutionProperties) = preSolution
		HideSolutionNode = FALSE
	EndGlobalSection
	GlobalSection(ExtensibilityGlobals) = postSolution
		SolutionGuid = {5E6052A3-99DF-420D-8A1B-5037CCE1158F}
	EndGlobalSection
EndGlobal
